
Microsoft Visual Studio Solution File, Format Version 12.00
# Visual Studio Version 17
VisualStudioVersion = 17.0.32112.339
MinimumVisualStudioVersion = 10.0.40219.1
Project("{FAE04EC0-301F-11D3-BF4B-00C04F79EFBC}") = "OOPAssesment1", "OOPAssesment1\OOPAssesment1.csproj", "{79586E88-CBAA-455B-AD3C-8F48D449EB08}"
EndProject
Global
	GlobalSection(SolutionConfigurationPlatforms) = preSolution
		Debug|Any CPU = Debug|Any CPU
		Release|Any CPU = Release|Any CPU
	EndGlobalSection
	GlobalSection(ProjectConfigurationPlatforms) = postSolution
		{79586E88-CBAA-455B-AD3C-8F48D449EB08}.Debug|Any CPU.ActiveCfg = Debug|Any CPU
		{79586E88-CBAA-455B-AD3C-8F48D449EB08}.Debug|Any CPU.Build.0 = Debug|Any CPU
		{79586E88-CBAA-455B-AD3C-8F48D449EB08}.Release|Any CPU.ActiveCfg = Release|Any CPU
		{79586E88-CBAA-455B-AD3C-8F48D449EB08}.Release|Any CPU.Build.0 = Release|Any CPU
	EndGlobalSection
	GlobalSection(SolutionProperties) = preSolution
		HideSolutionNode = FALSE
	EndGlobalSection
	GlobalSection(ExtensibilityGlobals) = postSolution
		SolutionGuid = {3F514ADD-6417-4677-B6B8-0F5EDD260614}
	EndGlobalSection
EndGlobal
